
Microsoft Visual Studio Solution File, Format Version 12.00
# Visual Studio Version 17
VisualStudioVersion = 17.10.35013.160
MinimumVisualStudioVersion = 10.0.40219.1
Project("{9A19103F-16F7-4668-BE54-9A1E7A4F7556}") = "VShop.ProductApi", "VShop.ProductApi\VShop.ProductApi.csproj", "{42CBCFA8-E828-47BC-953D-E72A150F47A5}"
EndProject
Project("{9A19103F-16F7-4668-BE54-9A1E7A4F7556}") = "VShop.Web", "VShop.Web\VShop.Web.csproj", "{3330253E-9253-450B-A78E-2B960F514562}"
EndProject
Project("{2150E333-8FDC-42A3-9474-1A3956D46DE8}") = "Frontend", "Frontend", "{F3B55535-E538-4A3A-B2F8-9F7B7B41DA12}"
EndProject
Project("{2150E333-8FDC-42A3-9474-1A3956D46DE8}") = "Backend", "Backend", "{68CA0004-DA73-4428-B046-5ADA180C6985}"
EndProject
Project("{FAE04EC0-301F-11D3-BF4B-00C04F79EFBC}") = "VShop.IdentityServer", "VShop.IdentityServer\VShop.IdentityServer.csproj", "{4058112D-CBB2-451A-8F3F-3EEB453D815D}"
EndProject
Global
	GlobalSection(SolutionConfigurationPlatforms) = preSolution
		Debug|Any CPU = Debug|Any CPU
		Release|Any CPU = Release|Any CPU
	EndGlobalSection
	GlobalSection(ProjectConfigurationPlatforms) = postSolution
		{42CBCFA8-E828-47BC-953D-E72A150F47A5}.Debug|Any CPU.ActiveCfg = Debug|Any CPU
		{42CBCFA8-E828-47BC-953D-E72A150F47A5}.Debug|Any CPU.Build.0 = Debug|Any CPU
		{42CBCFA8-E828-47BC-953D-E72A150F47A5}.Release|Any CPU.ActiveCfg = Release|Any CPU
		{42CBCFA8-E828-47BC-953D-E72A150F47A5}.Release|Any CPU.Build.0 = Release|Any CPU
		{3330253E-9253-450B-A78E-2B960F514562}.Debug|Any CPU.ActiveCfg = Debug|Any CPU
		{3330253E-9253-450B-A78E-2B960F514562}.Debug|Any CPU.Build.0 = Debug|Any CPU
		{3330253E-9253-450B-A78E-2B960F514562}.Release|Any CPU.ActiveCfg = Release|Any CPU
		{3330253E-9253-450B-A78E-2B960F514562}.Release|Any CPU.Build.0 = Release|Any CPU
		{4058112D-CBB2-451A-8F3F-3EEB453D815D}.Debug|Any CPU.ActiveCfg = Debug|Any CPU
		{4058112D-CBB2-451A-8F3F-3EEB453D815D}.Debug|Any CPU.Build.0 = Debug|Any CPU
		{4058112D-CBB2-451A-8F3F-3EEB453D815D}.Release|Any CPU.ActiveCfg = Release|Any CPU
		{4058112D-CBB2-451A-8F3F-3EEB453D815D}.Release|Any CPU.Build.0 = Release|Any CPU
	EndGlobalSection
	GlobalSection(SolutionProperties) = preSolution
		HideSolutionNode = FALSE
	EndGlobalSection
	GlobalSection(NestedProjects) = preSolution
		{42CBCFA8-E828-47BC-953D-E72A150F47A5} = {68CA0004-DA73-4428-B046-5ADA180C6985}
		{3330253E-9253-450B-A78E-2B960F514562} = {F3B55535-E538-4A3A-B2F8-9F7B7B41DA12}
		{4058112D-CBB2-451A-8F3F-3EEB453D815D} = {68CA0004-DA73-4428-B046-5ADA180C6985}
	EndGlobalSection
	GlobalSection(ExtensibilityGlobals) = postSolution
		SolutionGuid = {E4F622FE-AD2E-46EC-AAA7-8F80A2EFA16A}
	EndGlobalSection
EndGlobal
